
Microsoft Visual Studio Solution File, Format Version 12.00
# Visual Studio Version 17
VisualStudioVersion = 17.10.34916.146
MinimumVisualStudioVersion = 10.0.40219.1
Project("{FAE04EC0-301F-11D3-BF4B-00C04F79EFBC}") = "ExamenP3GArguello", "ExamenP3GArguello\ExamenP3GArguello.csproj", "{E3C8C278-F640-480D-8B74-9DB9DC911897}"
EndProject
Global
	GlobalSection(SolutionConfigurationPlatforms) = preSolution
		Debug|Any CPU = Debug|Any CPU
		Release|Any CPU = Release|Any CPU
	EndGlobalSection
	GlobalSection(ProjectConfigurationPlatforms) = postSolution
		{E3C8C278-F640-480D-8B74-9DB9DC911897}.Debug|Any CPU.ActiveCfg = Debug|Any CPU
		{E3C8C278-F640-480D-8B74-9DB9DC911897}.Debug|Any CPU.Build.0 = Debug|Any CPU
		{E3C8C278-F640-480D-8B74-9DB9DC911897}.Debug|Any CPU.Deploy.0 = Debug|Any CPU
		{E3C8C278-F640-480D-8B74-9DB9DC911897}.Release|Any CPU.ActiveCfg = Release|Any CPU
		{E3C8C278-F640-480D-8B74-9DB9DC911897}.Release|Any CPU.Build.0 = Release|Any CPU
		{E3C8C278-F640-480D-8B74-9DB9DC911897}.Release|Any CPU.Deploy.0 = Release|Any CPU
	EndGlobalSection
	GlobalSection(SolutionProperties) = preSolution
		HideSolutionNode = FALSE
	EndGlobalSection
	GlobalSection(ExtensibilityGlobals) = postSolution
		SolutionGuid = {96887A49-D06E-4CEB-80CA-7D7BE55C9F8F}
	EndGlobalSection
EndGlobal
